// !$*UTF8*$!
{
	archiveVersion = 1;
	classes = {
	};
	objectVersion = 46;
	objects = {

/* Begin PBXBuildFile section */
		28C68E7E1A456258006ADC5A /* XQBadgeItem.m in Sources */ = {isa = PBXBuildFile; fileRef = 28C68E711A456258006ADC5A /* XQBadgeItem.m */; };
		28C68E7F1A456258006ADC5A /* XQRootIconView.m in Sources */ = {isa = PBXBuildFile; fileRef = 28C68E731A456258006ADC5A /* XQRootIconView.m */; };
		28C68E801A456258006ADC5A /* XQRootTabBar.m in Sources */ = {isa = PBXBuildFile; fileRef = 28C68E751A456258006ADC5A /* XQRootTabBar.m */; };
		28C68E811A456258006ADC5A /* XQRootViewController.m in Sources */ = {isa = PBXBuildFile; fileRef = 28C68E771A456258006ADC5A /* XQRootViewController.m */; };
		28C68EA21A456F8A006ADC5A /* messageTip.png in Resources */ = {isa = PBXBuildFile; fileRef = 28C68E881A456F8A006ADC5A /* messageTip.png */; };
		28C68EA31A456F8A006ADC5A /* messageTip@2x.png in Resources */ = {isa = PBXBuildFile; fileRef = 28C68E891A456F8A006ADC5A /* messageTip@2x.png */; };
		28C68EA41A456F8A006ADC5A /* root_nav_bulb@2x.png in Resources */ = {isa = PBXBuildFile; fileRef = 28C68E8A1A456F8A006ADC5A /* root_nav_bulb@2x.png */; };
		28C68EA51A456F8A006ADC5A /* root_nav_down@2x.png in Resources */ = {isa = PBXBuildFile; fileRef = 28C68E8B1A456F8A006ADC5A /* root_nav_down@2x.png */; };
		28C68EA61A456F8A006ADC5A /* root_nav_right@2x.png in Resources */ = {isa = PBXBuildFile; fileRef = 28C68E8C1A456F8A006ADC5A /* root_nav_right@2x.png */; };
		28C68EA81A456F8A006ADC5A /* tabbaritem1@2x.png in Resources */ = {isa = PBXBuildFile; fileRef = 28C68E8E1A456F8A006ADC5A /* tabbaritem1@2x.png */; };
		28C68EAA1A456F8A006ADC5A /* tabbaritem2@2x.png in Resources */ = {isa = PBXBuildFile; fileRef = 28C68E901A456F8A006ADC5A /* tabbaritem2@2x.png */; };
		28C68EAC1A456F8A006ADC5A /* tabbaritem4@2x.png in Resources */ = {isa = PBXBuildFile; fileRef = 28C68E921A456F8A006ADC5A /* tabbaritem4@2x.png */; };
		28C68EAF1A456F8A006ADC5A /* tabbaritem5@2x.png in Resources */ = {isa = PBXBuildFile; fileRef = 28C68E951A456F8A006ADC5A /* tabbaritem5@2x.png */; };
		28C68EB11A456F8A006ADC5A /* tabbaritemselect1@2x.png in Resources */ = {isa = PBXBuildFile; fileRef = 28C68E971A456F8A006ADC5A /* tabbaritemselect1@2x.png */; };
		28C68EB51A456F8A006ADC5A /* tabbaritemselect4@2x.png in Resources */ = {isa = PBXBuildFile; fileRef = 28C68E9B1A456F8A006ADC5A /* tabbaritemselect4@2x.png */; };
		28C68EB71A456F8A006ADC5A /* tabbaritemselect5@2x.png in Resources */ = {isa = PBXBuildFile; fileRef = 28C68E9D1A456F8A006ADC5A /* tabbaritemselect5@2x.png */; };
		28C68EB81A456F8A006ADC5A /* tabbarshowBg.png in Resources */ = {isa = PBXBuildFile; fileRef = 28C68E9E1A456F8A006ADC5A /* tabbarshowBg.png */; };
		28C68EB91A456F8A006ADC5A /* tabbarshowBg@2x.png in Resources */ = {isa = PBXBuildFile; fileRef = 28C68E9F1A456F8A006ADC5A /* tabbarshowBg@2x.png */; };
		28C68EBA1A456F8A006ADC5A /* tabbarTopCutLine.png in Resources */ = {isa = PBXBuildFile; fileRef = 28C68EA01A456F8A006ADC5A /* tabbarTopCutLine.png */; };
		28C68EBB1A456F8A006ADC5A /* tabbarTopCutLine@2x.png in Resources */ = {isa = PBXBuildFile; fileRef = 28C68EA11A456F8A006ADC5A /* tabbarTopCutLine@2x.png */; };
		28C68EBF1A45790B006ADC5A /* tabbaritem3@2x.png in Resources */ = {isa = PBXBuildFile; fileRef = 28C68EBC1A45790B006ADC5A /* tabbaritem3@2x.png */; };
		28C68EC01A45790B006ADC5A /* tabbaritemselect2@2x.png in Resources */ = {isa = PBXBuildFile; fileRef = 28C68EBD1A45790B006ADC5A /* tabbaritemselect2@2x.png */; };
		28C68EC11A45790B006ADC5A /* tabbaritemselect3@2x.png in Resources */ = {isa = PBXBuildFile; fileRef = 28C68EBE1A45790B006ADC5A /* tabbaritemselect3@2x.png */; };
		28C68ECC1A45887A006ADC5A /* MainViewController.m in Sources */ = {isa = PBXBuildFile; fileRef = 28C68ECA1A45887A006ADC5A /* MainViewController.m */; };
		28C68ECD1A45887A006ADC5A /* MainViewController.xib in Resources */ = {isa = PBXBuildFile; fileRef = 28C68ECB1A45887A006ADC5A /* MainViewController.xib */; };
		28C68ED21A45A6AD006ADC5A /* PlasticViewController.m in Sources */ = {isa = PBXBuildFile; fileRef = 28C68ED01A45A6AD006ADC5A /* PlasticViewController.m */; };
		28C68ED31A45A6AD006ADC5A /* PlasticViewController.xib in Resources */ = {isa = PBXBuildFile; fileRef = 28C68ED11A45A6AD006ADC5A /* PlasticViewController.xib */; };
		28C68ED81A45A90E006ADC5A /* StoryViewController.m in Sources */ = {isa = PBXBuildFile; fileRef = 28C68ED61A45A90E006ADC5A /* StoryViewController.m */; };
		28C68ED91A45A90E006ADC5A /* StoryViewController.xib in Resources */ = {isa = PBXBuildFile; fileRef = 28C68ED71A45A90E006ADC5A /* StoryViewController.xib */; };
		28C68EDE1A45AA2F006ADC5A /* CircleViewController.m in Sources */ = {isa = PBXBuildFile; fileRef = 28C68EDC1A45AA2F006ADC5A /* CircleViewController.m */; };
		28C68EDF1A45AA2F006ADC5A /* CircleViewController.xib in Resources */ = {isa = PBXBuildFile; fileRef = 28C68EDD1A45AA2F006ADC5A /* CircleViewController.xib */; };
		28C68EE41A45AB49006ADC5A /* LoginInfoViewController.m in Sources */ = {isa = PBXBuildFile; fileRef = 28C68EE21A45AB49006ADC5A /* LoginInfoViewController.m */; };
		28C68EE51A45AB49006ADC5A /* LoginInfoViewController.xib in Resources */ = {isa = PBXBuildFile; fileRef = 28C68EE31A45AB49006ADC5A /* LoginInfoViewController.xib */; };
		28C68EE91A466F37006ADC5A /* PlasticCell.m in Sources */ = {isa = PBXBuildFile; fileRef = 28C68EE71A466F37006ADC5A /* PlasticCell.m */; };
		28C68EEA1A466F37006ADC5A /* PlasticCell.xib in Resources */ = {isa = PBXBuildFile; fileRef = 28C68EE81A466F37006ADC5A /* PlasticCell.xib */; };
		28C68EED1A467180006ADC5A /* PlasticInfo.m in Sources */ = {isa = PBXBuildFile; fileRef = 28C68EEC1A467180006ADC5A /* PlasticInfo.m */; };
		28F861B81A45490800F43E0B /* main.m in Sources */ = {isa = PBXBuildFile; fileRef = 28F861B71A45490800F43E0B /* main.m */; };
		28F861BB1A45490800F43E0B /* AppDelegate.m in Sources */ = {isa = PBXBuildFile; fileRef = 28F861BA1A45490800F43E0B /* AppDelegate.m */; };
		28F861BE1A45490800F43E0B /* ViewController.m in Sources */ = {isa = PBXBuildFile; fileRef = 28F861BD1A45490800F43E0B /* ViewController.m */; };
		28F861C31A45490800F43E0B /* Images.xcassets in Resources */ = {isa = PBXBuildFile; fileRef = 28F861C21A45490800F43E0B /* Images.xcassets */; };
		28F861C61A45490800F43E0B /* LaunchScreen.xib in Resources */ = {isa = PBXBuildFile; fileRef = 28F861C41A45490800F43E0B /* LaunchScreen.xib */; };
		28F861D21A45490800F43E0B /* fackliftTests.m in Sources */ = {isa = PBXBuildFile; fileRef = 28F861D11A45490800F43E0B /* fackliftTests.m */; };
/* End PBXBuildFile section */

/* Begin PBXContainerItemProxy section */
		28F861CC1A45490800F43E0B /* PBXContainerItemProxy */ = {
			isa = PBXContainerItemProxy;
			containerPortal = 28F861AA1A45490800F43E0B /* Project object */;
			proxyType = 1;
			remoteGlobalIDString = 28F861B11A45490800F43E0B;
			remoteInfo = facklift;
		};
/* End PBXContainerItemProxy section */

/* Begin PBXFileReference section */
		28C68E701A456258006ADC5A /* XQBadgeItem.h */ = {isa = PBXFileReference; fileEncoding = 4; lastKnownFileType = sourcecode.c.h; path = XQBadgeItem.h; sourceTree = "<group>"; };
		28C68E711A456258006ADC5A /* XQBadgeItem.m */ = {isa = PBXFileReference; fileEncoding = 4; lastKnownFileType = sourcecode.c.objc; path = XQBadgeItem.m; sourceTree = "<group>"; };
		28C68E721A456258006ADC5A /* XQRootIconView.h */ = {isa = PBXFileReference; fileEncoding = 4; lastKnownFileType = sourcecode.c.h; path = XQRootIconView.h; sourceTree = "<group>"; };
		28C68E731A456258006ADC5A /* XQRootIconView.m */ = {isa = PBXFileReference; fileEncoding = 4; lastKnownFileType = sourcecode.c.objc; path = XQRootIconView.m; sourceTree = "<group>"; };
		28C68E741A456258006ADC5A /* XQRootTabBar.h */ = {isa = PBXFileReference; fileEncoding = 4; lastKnownFileType = sourcecode.c.h; path = XQRootTabBar.h; sourceTree = "<group>"; };
		28C68E751A456258006ADC5A /* XQRootTabBar.m */ = {isa = PBXFileReference; fileEncoding = 4; lastKnownFileType = sourcecode.c.objc; path = XQRootTabBar.m; sourceTree = "<group>"; };
		28C68E761A456258006ADC5A /* XQRootViewController.h */ = {isa = PBXFileReference; fileEncoding = 4; lastKnownFileType = sourcecode.c.h; path = XQRootViewController.h; sourceTree = "<group>"; };
		28C68E771A456258006ADC5A /* XQRootViewController.m */ = {isa = PBXFileReference; fileEncoding = 4; lastKnownFileType = sourcecode.c.objc; path = XQRootViewController.m; sourceTree = "<group>"; };
		28C68E841A4567C7006ADC5A /* common.h */ = {isa = PBXFileReference; lastKnownFileType = sourcecode.c.h; path = common.h; sourceTree = "<group>"; };
		28C68E851A456C2F006ADC5A /* PrefixHeader.pch */ = {isa = PBXFileReference; fileEncoding = 4; lastKnownFileType = sourcecode.c.h; path = PrefixHeader.pch; sourceTree = "<group>"; };
		28C68E881A456F8A006ADC5A /* messageTip.png */ = {isa = PBXFileReference; lastKnownFileType = image.png; path = messageTip.png; sourceTree = "<group>"; };
		28C68E891A456F8A006ADC5A /* messageTip@2x.png */ = {isa = PBXFileReference; lastKnownFileType = image.png; path = "messageTip@2x.png"; sourceTree = "<group>"; };
		28C68E8A1A456F8A006ADC5A /* root_nav_bulb@2x.png */ = {isa = PBXFileReference; lastKnownFileType = image.png; path = "root_nav_bulb@2x.png"; sourceTree = "<group>"; };
		28C68E8B1A456F8A006ADC5A /* root_nav_down@2x.png */ = {isa = PBXFileReference; lastKnownFileType = image.png; path = "root_nav_down@2x.png"; sourceTree = "<group>"; };
		28C68E8C1A456F8A006ADC5A /* root_nav_right@2x.png */ = {isa = PBXFileReference; lastKnownFileType = image.png; path = "root_nav_right@2x.png"; sourceTree = "<group>"; };
		28C68E8E1A456F8A006ADC5A /* tabbaritem1@2x.png */ = {isa = PBXFileReference; lastKnownFileType = image.png; path = "tabbaritem1@2x.png"; sourceTree = "<group>"; };
		28C68E901A456F8A006ADC5A /* tabbaritem2@2x.png */ = {isa = PBXFileReference; lastKnownFileType = image.png; path = "tabbaritem2@2x.png"; sourceTree = "<group>"; };
		28C68E921A456F8A006ADC5A /* tabbaritem4@2x.png */ = {isa = PBXFileReference; lastKnownFileType = image.png; path = "tabbaritem4@2x.png"; sourceTree = "<group>"; };
		28C68E951A456F8A006ADC5A /* tabbaritem5@2x.png */ = {isa = PBXFileReference; lastKnownFileType = image.png; path = "tabbaritem5@2x.png"; sourceTree = "<group>"; };
		28C68E971A456F8A006ADC5A /* tabbaritemselect1@2x.png */ = {isa = PBXFileReference; lastKnownFileType = image.png; path = "tabbaritemselect1@2x.png"; sourceTree = "<group>"; };
		28C68E9B1A456F8A006ADC5A /* tabbaritemselect4@2x.png */ = {isa = PBXFileReference; lastKnownFileType = image.png; path = "tabbaritemselect4@2x.png"; sourceTree = "<group>"; };
		28C68E9D1A456F8A006ADC5A /* tabbaritemselect5@2x.png */ = {isa = PBXFileReference; lastKnownFileType = image.png; path = "tabbaritemselect5@2x.png"; sourceTree = "<group>"; };
		28C68E9E1A456F8A006ADC5A /* tabbarshowBg.png */ = {isa = PBXFileReference; lastKnownFileType = image.png; path = tabbarshowBg.png; sourceTree = "<group>"; };
		28C68E9F1A456F8A006ADC5A /* tabbarshowBg@2x.png */ = {isa = PBXFileReference; lastKnownFileType = image.png; path = "tabbarshowBg@2x.png"; sourceTree = "<group>"; };
		28C68EA01A456F8A006ADC5A /* tabbarTopCutLine.png */ = {isa = PBXFileReference; lastKnownFileType = image.png; path = tabbarTopCutLine.png; sourceTree = "<group>"; };
		28C68EA11A456F8A006ADC5A /* tabbarTopCutLine@2x.png */ = {isa = PBXFileReference; lastKnownFileType = image.png; path = "tabbarTopCutLine@2x.png"; sourceTree = "<group>"; };
		28C68EBC1A45790B006ADC5A /* tabbaritem3@2x.png */ = {isa = PBXFileReference; lastKnownFileType = image.png; path = "tabbaritem3@2x.png"; sourceTree = "<group>"; };
		28C68EBD1A45790B006ADC5A /* tabbaritemselect2@2x.png */ = {isa = PBXFileReference; lastKnownFileType = image.png; path = "tabbaritemselect2@2x.png"; sourceTree = "<group>"; };
		28C68EBE1A45790B006ADC5A /* tabbaritemselect3@2x.png */ = {isa = PBXFileReference; lastKnownFileType = image.png; path = "tabbaritemselect3@2x.png"; sourceTree = "<group>"; };
		28C68EC91A45887A006ADC5A /* MainViewController.h */ = {isa = PBXFileReference; fileEncoding = 4; lastKnownFileType = sourcecode.c.h; path = MainViewController.h; sourceTree = "<group>"; };
		28C68ECA1A45887A006ADC5A /* MainViewController.m */ = {isa = PBXFileReference; fileEncoding = 4; lastKnownFileType = sourcecode.c.objc; path = MainViewController.m; sourceTree = "<group>"; };
		28C68ECB1A45887A006ADC5A /* MainViewController.xib */ = {isa = PBXFileReference; fileEncoding = 4; lastKnownFileType = file.xib; path = MainViewController.xib; sourceTree = "<group>"; };
		28C68ECF1A45A6AD006ADC5A /* PlasticViewController.h */ = {isa = PBXFileReference; fileEncoding = 4; lastKnownFileType = sourcecode.c.h; path = PlasticViewController.h; sourceTree = "<group>"; };
		28C68ED01A45A6AD006ADC5A /* PlasticViewController.m */ = {isa = PBXFileReference; fileEncoding = 4; lastKnownFileType = sourcecode.c.objc; path = PlasticViewController.m; sourceTree = "<group>"; };
		28C68ED11A45A6AD006ADC5A /* PlasticViewController.xib */ = {isa = PBXFileReference; fileEncoding = 4; lastKnownFileType = file.xib; path = PlasticViewController.xib; sourceTree = "<group>"; };
		28C68ED51A45A90E006ADC5A /* StoryViewController.h */ = {isa = PBXFileReference; fileEncoding = 4; lastKnownFileType = sourcecode.c.h; path = StoryViewController.h; sourceTree = "<group>"; };
		28C68ED61A45A90E006ADC5A /* StoryViewController.m */ = {isa = PBXFileReference; fileEncoding = 4; lastKnownFileType = sourcecode.c.objc; path = StoryViewController.m; sourceTree = "<group>"; };
		28C68ED71A45A90E006ADC5A /* StoryViewController.xib */ = {isa = PBXFileReference; fileEncoding = 4; lastKnownFileType = file.xib; path = StoryViewController.xib; sourceTree = "<group>"; };
		28C68EDB1A45AA2F006ADC5A /* CircleViewController.h */ = {isa = PBXFileReference; fileEncoding = 4; lastKnownFileType = sourcecode.c.h; path = CircleViewController.h; sourceTree = "<group>"; };
		28C68EDC1A45AA2F006ADC5A /* CircleViewController.m */ = {isa = PBXFileReference; fileEncoding = 4; lastKnownFileType = sourcecode.c.objc; path = CircleViewController.m; sourceTree = "<group>"; };
		28C68EDD1A45AA2F006ADC5A /* CircleViewController.xib */ = {isa = PBXFileReference; fileEncoding = 4; lastKnownFileType = file.xib; path = CircleViewController.xib; sourceTree = "<group>"; };
		28C68EE11A45AB49006ADC5A /* LoginInfoViewController.h */ = {isa = PBXFileReference; fileEncoding = 4; lastKnownFileType = sourcecode.c.h; path = LoginInfoViewController.h; sourceTree = "<group>"; };
		28C68EE21A45AB49006ADC5A /* LoginInfoViewController.m */ = {isa = PBXFileReference; fileEncoding = 4; lastKnownFileType = sourcecode.c.objc; path = LoginInfoViewController.m; sourceTree = "<group>"; };
		28C68EE31A45AB49006ADC5A /* LoginInfoViewController.xib */ = {isa = PBXFileReference; fileEncoding = 4; lastKnownFileType = file.xib; path = LoginInfoViewController.xib; sourceTree = "<group>"; };
		28C68EE61A466F37006ADC5A /* PlasticCell.h */ = {isa = PBXFileReference; fileEncoding = 4; lastKnownFileType = sourcecode.c.h; path = PlasticCell.h; sourceTree = "<group>"; };
		28C68EE71A466F37006ADC5A /* PlasticCell.m */ = {isa = PBXFileReference; fileEncoding = 4; lastKnownFileType = sourcecode.c.objc; path = PlasticCell.m; sourceTree = "<group>"; };
		28C68EE81A466F37006ADC5A /* PlasticCell.xib */ = {isa = PBXFileReference; fileEncoding = 4; lastKnownFileType = file.xib; path = PlasticCell.xib; sourceTree = "<group>"; };
		28C68EEB1A467180006ADC5A /* PlasticInfo.h */ = {isa = PBXFileReference; fileEncoding = 4; lastKnownFileType = sourcecode.c.h; path = PlasticInfo.h; sourceTree = "<group>"; };
		28C68EEC1A467180006ADC5A /* PlasticInfo.m */ = {isa = PBXFileReference; fileEncoding = 4; lastKnownFileType = sourcecode.c.objc; path = PlasticInfo.m; sourceTree = "<group>"; };
		28F861B21A45490800F43E0B /* facklift.app */ = {isa = PBXFileReference; explicitFileType = wrapper.application; includeInIndex = 0; path = facklift.app; sourceTree = BUILT_PRODUCTS_DIR; };
		28F861B61A45490800F43E0B /* Info.plist */ = {isa = PBXFileReference; lastKnownFileType = text.plist.xml; path = Info.plist; sourceTree = "<group>"; };
		28F861B71A45490800F43E0B /* main.m */ = {isa = PBXFileReference; lastKnownFileType = sourcecode.c.objc; path = main.m; sourceTree = "<group>"; };
		28F861B91A45490800F43E0B /* AppDelegate.h */ = {isa = PBXFileReference; lastKnownFileType = sourcecode.c.h; path = AppDelegate.h; sourceTree = "<group>"; };
		28F861BA1A45490800F43E0B /* AppDelegate.m */ = {isa = PBXFileReference; lastKnownFileType = sourcecode.c.objc; path = AppDelegate.m; sourceTree = "<group>"; };
		28F861BC1A45490800F43E0B /* ViewController.h */ = {isa = PBXFileReference; lastKnownFileType = sourcecode.c.h; path = ViewController.h; sourceTree = "<group>"; };
		28F861BD1A45490800F43E0B /* ViewController.m */ = {isa = PBXFileReference; lastKnownFileType = sourcecode.c.objc; path = ViewController.m; sourceTree = "<group>"; };
		28F861C21A45490800F43E0B /* Images.xcassets */ = {isa = PBXFileReference; lastKnownFileType = folder.assetcatalog; path = Images.xcassets; sourceTree = "<group>"; };
		28F861C51A45490800F43E0B /* Base */ = {isa = PBXFileReference; lastKnownFileType = file.xib; name = Base; path = Base.lproj/LaunchScreen.xib; sourceTree = "<group>"; };
		28F861CB1A45490800F43E0B /* fackliftTests.xctest */ = {isa = PBXFileReference; explicitFileType = wrapper.cfbundle; includeInIndex = 0; path = fackliftTests.xctest; sourceTree = BUILT_PRODUCTS_DIR; };
		28F861D01A45490800F43E0B /* Info.plist */ = {isa = PBXFileReference; lastKnownFileType = text.plist.xml; path = Info.plist; sourceTree = "<group>"; };
		28F861D11A45490800F43E0B /* fackliftTests.m */ = {isa = PBXFileReference; lastKnownFileType = sourcecode.c.objc; path = fackliftTests.m; sourceTree = "<group>"; };
/* End PBXFileReference section */

/* Begin PBXFrameworksBuildPhase section */
		28F861AF1A45490800F43E0B /* Frameworks */ = {
			isa = PBXFrameworksBuildPhase;
			buildActionMask = 2147483647;
			files = (
			);
			runOnlyForDeploymentPostprocessing = 0;
		};
		28F861C81A45490800F43E0B /* Frameworks */ = {
			isa = PBXFrameworksBuildPhase;
			buildActionMask = 2147483647;
			files = (
			);
			runOnlyForDeploymentPostprocessing = 0;
		};
/* End PBXFrameworksBuildPhase section */

/* Begin PBXGroup section */
		28C68E691A456258006ADC5A /* Root */ = {
			isa = PBXGroup;
			children = (
				28C68E701A456258006ADC5A /* XQBadgeItem.h */,
				28C68E711A456258006ADC5A /* XQBadgeItem.m */,
				28C68E721A456258006ADC5A /* XQRootIconView.h */,
				28C68E731A456258006ADC5A /* XQRootIconView.m */,
				28C68E741A456258006ADC5A /* XQRootTabBar.h */,
				28C68E751A456258006ADC5A /* XQRootTabBar.m */,
				28C68E761A456258006ADC5A /* XQRootViewController.h */,
				28C68E771A456258006ADC5A /* XQRootViewController.m */,
			);
			path = Root;
			sourceTree = "<group>";
		};
		28C68E861A456F8A006ADC5A /* Resources */ = {
			isa = PBXGroup;
			children = (
				28C68E871A456F8A006ADC5A /* RootTabBar */,
			);
			path = Resources;
			sourceTree = "<group>";
		};
		28C68E871A456F8A006ADC5A /* RootTabBar */ = {
			isa = PBXGroup;
			children = (
				28C68EBC1A45790B006ADC5A /* tabbaritem3@2x.png */,
				28C68EBD1A45790B006ADC5A /* tabbaritemselect2@2x.png */,
				28C68EBE1A45790B006ADC5A /* tabbaritemselect3@2x.png */,
				28C68E881A456F8A006ADC5A /* messageTip.png */,
				28C68E891A456F8A006ADC5A /* messageTip@2x.png */,
				28C68E8A1A456F8A006ADC5A /* root_nav_bulb@2x.png */,
				28C68E8B1A456F8A006ADC5A /* root_nav_down@2x.png */,
				28C68E8C1A456F8A006ADC5A /* root_nav_right@2x.png */,
				28C68E8E1A456F8A006ADC5A /* tabbaritem1@2x.png */,
				28C68E901A456F8A006ADC5A /* tabbaritem2@2x.png */,
				28C68E921A456F8A006ADC5A /* tabbaritem4@2x.png */,
				28C68E951A456F8A006ADC5A /* tabbaritem5@2x.png */,
				28C68E971A456F8A006ADC5A /* tabbaritemselect1@2x.png */,
				28C68E9B1A456F8A006ADC5A /* tabbaritemselect4@2x.png */,
				28C68E9D1A456F8A006ADC5A /* tabbaritemselect5@2x.png */,
				28C68E9E1A456F8A006ADC5A /* tabbarshowBg.png */,
				28C68E9F1A456F8A006ADC5A /* tabbarshowBg@2x.png */,
				28C68EA01A456F8A006ADC5A /* tabbarTopCutLine.png */,
				28C68EA11A456F8A006ADC5A /* tabbarTopCutLine@2x.png */,
			);
			path = RootTabBar;
			sourceTree = "<group>";
		};
		28C68EC21A4587EB006ADC5A /* MainView */ = {
			isa = PBXGroup;
			children = (
				28C68EC91A45887A006ADC5A /* MainViewController.h */,
				28C68ECA1A45887A006ADC5A /* MainViewController.m */,
				28C68ECB1A45887A006ADC5A /* MainViewController.xib */,
			);
			name = MainView;
			sourceTree = "<group>";
		};
		28C68ECE1A45A66E006ADC5A /* PlasticView */ = {
			isa = PBXGroup;
			children = (
				28C68ECF1A45A6AD006ADC5A /* PlasticViewController.h */,
				28C68ED01A45A6AD006ADC5A /* PlasticViewController.m */,
				28C68ED11A45A6AD006ADC5A /* PlasticViewController.xib */,
				28C68EE61A466F37006ADC5A /* PlasticCell.h */,
				28C68EE71A466F37006ADC5A /* PlasticCell.m */,
				28C68EE81A466F37006ADC5A /* PlasticCell.xib */,
				28C68EEB1A467180006ADC5A /* PlasticInfo.h */,
				28C68EEC1A467180006ADC5A /* PlasticInfo.m */,
			);
			name = PlasticView;
			sourceTree = "<group>";
		};
		28C68ED41A45A7B7006ADC5A /* StoryView */ = {
			isa = PBXGroup;
			children = (
				28C68ED51A45A90E006ADC5A /* StoryViewController.h */,
				28C68ED61A45A90E006ADC5A /* StoryViewController.m */,
				28C68ED71A45A90E006ADC5A /* StoryViewController.xib */,
			);
			name = StoryView;
			sourceTree = "<group>";
		};
		28C68EDA1A45A9E7006ADC5A /* CircleView */ = {
			isa = PBXGroup;
			children = (
				28C68EDB1A45AA2F006ADC5A /* CircleViewController.h */,
				28C68EDC1A45AA2F006ADC5A /* CircleViewController.m */,
				28C68EDD1A45AA2F006ADC5A /* CircleViewController.xib */,
			);
			name = CircleView;
			sourceTree = "<group>";
		};
		28C68EE01A45AB26006ADC5A /* LoginInfo */ = {
			isa = PBXGroup;
			children = (
				28C68EE11A45AB49006ADC5A /* LoginInfoViewController.h */,
				28C68EE21A45AB49006ADC5A /* LoginInfoViewController.m */,
				28C68EE31A45AB49006ADC5A /* LoginInfoViewController.xib */,
			);
			name = LoginInfo;
			sourceTree = "<group>";
		};
		28F861A91A45490800F43E0B = {
			isa = PBXGroup;
			children = (
				28C68E861A456F8A006ADC5A /* Resources */,
				28F861B41A45490800F43E0B /* facklift */,
				28F861CE1A45490800F43E0B /* fackliftTests */,
				28F861B31A45490800F43E0B /* Products */,
			);
			sourceTree = "<group>";
		};
		28F861B31A45490800F43E0B /* Products */ = {
			isa = PBXGroup;
			children = (
				28F861B21A45490800F43E0B /* facklift.app */,
				28F861CB1A45490800F43E0B /* fackliftTests.xctest */,
			);
			name = Products;
			sourceTree = "<group>";
		};
		28F861B41A45490800F43E0B /* facklift */ = {
			isa = PBXGroup;
			children = (
				28C68EE01A45AB26006ADC5A /* LoginInfo */,
				28C68EDA1A45A9E7006ADC5A /* CircleView */,
				28C68ED41A45A7B7006ADC5A /* StoryView */,
				28C68ECE1A45A66E006ADC5A /* PlasticView */,
				28C68EC21A4587EB006ADC5A /* MainView */,
				28C68E691A456258006ADC5A /* Root */,
				28F861B91A45490800F43E0B /* AppDelegate.h */,
				28F861BA1A45490800F43E0B /* AppDelegate.m */,
				28F861BC1A45490800F43E0B /* ViewController.h */,
				28F861BD1A45490800F43E0B /* ViewController.m */,
				28F861C21A45490800F43E0B /* Images.xcassets */,
				28F861C41A45490800F43E0B /* LaunchScreen.xib */,
				28F861B51A45490800F43E0B /* Supporting Files */,
				28C68E841A4567C7006ADC5A /* common.h */,
			);
			path = facklift;
			sourceTree = "<group>";
		};
		28F861B51A45490800F43E0B /* Supporting Files */ = {
			isa = PBXGroup;
			children = (
				28F861B61A45490800F43E0B /* Info.plist */,
				28F861B71A45490800F43E0B /* main.m */,
				28C68E851A456C2F006ADC5A /* PrefixHeader.pch */,
			);
			name = "Supporting Files";
			sourceTree = "<group>";
		};
		28F861CE1A45490800F43E0B /* fackliftTests */ = {
			isa = PBXGroup;
			children = (
				28F861D11A45490800F43E0B /* fackliftTests.m */,
				28F861CF1A45490800F43E0B /* Supporting Files */,
			);
			path = fackliftTests;
			sourceTree = "<group>";
		};
		28F861CF1A45490800F43E0B /* Supporting Files */ = {
			isa = PBXGroup;
			children = (
				28F861D01A45490800F43E0B /* Info.plist */,
			);
			name = "Supporting Files";
			sourceTree = "<group>";
		};
/* End PBXGroup section */

/* Begin PBXNativeTarget section */
		28F861B11A45490800F43E0B /* facklift */ = {
			isa = PBXNativeTarget;
			buildConfigurationList = 28F861D51A45490800F43E0B /* Build configuration list for PBXNativeTarget "facklift" */;
			buildPhases = (
				28F861AE1A45490800F43E0B /* Sources */,
				28F861AF1A45490800F43E0B /* Frameworks */,
				28F861B01A45490800F43E0B /* Resources */,
			);
			buildRules = (
			);
			dependencies = (
			);
			name = facklift;
			productName = facklift;
			productReference = 28F861B21A45490800F43E0B /* facklift.app */;
			productType = "com.apple.product-type.application";
		};
		28F861CA1A45490800F43E0B /* fackliftTests */ = {
			isa = PBXNativeTarget;
			buildConfigurationList = 28F861D81A45490800F43E0B /* Build configuration list for PBXNativeTarget "fackliftTests" */;
			buildPhases = (
				28F861C71A45490800F43E0B /* Sources */,
				28F861C81A45490800F43E0B /* Frameworks */,
				28F861C91A45490800F43E0B /* Resources */,
			);
			buildRules = (
			);
			dependencies = (
				28F861CD1A45490800F43E0B /* PBXTargetDependency */,
			);
			name = fackliftTests;
			productName = fackliftTests;
			productReference = 28F861CB1A45490800F43E0B /* fackliftTests.xctest */;
			productType = "com.apple.product-type.bundle.unit-test";
		};
/* End PBXNativeTarget section */

/* Begin PBXProject section */
		28F861AA1A45490800F43E0B /* Project object */ = {
			isa = PBXProject;
			attributes = {
				LastUpgradeCheck = 0610;
				ORGANIZATIONNAME = "马明晗";
				TargetAttributes = {
					28F861B11A45490800F43E0B = {
						CreatedOnToolsVersion = 6.1.1;
					};
					28F861CA1A45490800F43E0B = {
						CreatedOnToolsVersion = 6.1.1;
						TestTargetID = 28F861B11A45490800F43E0B;
					};
				};
			};
			buildConfigurationList = 28F861AD1A45490800F43E0B /* Build configuration list for PBXProject "facklift" */;
			compatibilityVersion = "Xcode 3.2";
			developmentRegion = English;
			hasScannedForEncodings = 0;
			knownRegions = (
				en,
				Base,
			);
			mainGroup = 28F861A91A45490800F43E0B;
			productRefGroup = 28F861B31A45490800F43E0B /* Products */;
			projectDirPath = "";
			projectRoot = "";
			targets = (
				28F861B11A45490800F43E0B /* facklift */,
				28F861CA1A45490800F43E0B /* fackliftTests */,
			);
		};
/* End PBXProject section */

/* Begin PBXResourcesBuildPhase section */
		28F861B01A45490800F43E0B /* Resources */ = {
			isa = PBXResourcesBuildPhase;
			buildActionMask = 2147483647;
			files = (
				28C68EE51A45AB49006ADC5A /* LoginInfoViewController.xib in Resources */,
				28C68EA81A456F8A006ADC5A /* tabbaritem1@2x.png in Resources */,
				28C68EB51A456F8A006ADC5A /* tabbaritemselect4@2x.png in Resources */,
				28C68EA31A456F8A006ADC5A /* messageTip@2x.png in Resources */,
				28C68EBF1A45790B006ADC5A /* tabbaritem3@2x.png in Resources */,
				28C68EA21A456F8A006ADC5A /* messageTip.png in Resources */,
				28C68EDF1A45AA2F006ADC5A /* CircleViewController.xib in Resources */,
				28C68ECD1A45887A006ADC5A /* MainViewController.xib in Resources */,
				28C68EB11A456F8A006ADC5A /* tabbaritemselect1@2x.png in Resources */,
				28C68EC01A45790B006ADC5A /* tabbaritemselect2@2x.png in Resources */,
				28C68ED91A45A90E006ADC5A /* StoryViewController.xib in Resources */,
				28C68EA51A456F8A006ADC5A /* root_nav_down@2x.png in Resources */,
				28C68EA41A456F8A006ADC5A /* root_nav_bulb@2x.png in Resources */,
				28C68EEA1A466F37006ADC5A /* PlasticCell.xib in Resources */,
				28F861C61A45490800F43E0B /* LaunchScreen.xib in Resources */,
				28C68EA61A456F8A006ADC5A /* root_nav_right@2x.png in Resources */,
				28C68EAA1A456F8A006ADC5A /* tabbaritem2@2x.png in Resources */,
				28C68EB91A456F8A006ADC5A /* tabbarshowBg@2x.png in Resources */,
				28C68EBA1A456F8A006ADC5A /* tabbarTopCutLine.png in Resources */,
				28C68EBB1A456F8A006ADC5A /* tabbarTopCutLine@2x.png in Resources */,
				28C68EB81A456F8A006ADC5A /* tabbarshowBg.png in Resources */,
				28C68EAC1A456F8A006ADC5A /* tabbaritem4@2x.png in Resources */,
				28F861C31A45490800F43E0B /* Images.xcassets in Resources */,
				28C68EC11A45790B006ADC5A /* tabbaritemselect3@2x.png in Resources */,
				28C68ED31A45A6AD006ADC5A /* PlasticViewController.xib in Resources */,
				28C68EB71A456F8A006ADC5A /* tabbaritemselect5@2x.png in Resources */,
				28C68EAF1A456F8A006ADC5A /* tabbaritem5@2x.png in Resources */,
			);
			runOnlyForDeploymentPostprocessing = 0;
		};
		28F861C91A45490800F43E0B /* Resources */ = {
			isa = PBXResourcesBuildPhase;
			buildActionMask = 2147483647;
			files = (
			);
			runOnlyForDeploymentPostprocessing = 0;
		};
/* End PBXResourcesBuildPhase section */

/* Begin PBXSourcesBuildPhase section */
		28F861AE1A45490800F43E0B /* Sources */ = {
			isa = PBXSourcesBuildPhase;
			buildActionMask = 2147483647;
			files = (
				28C68E801A456258006ADC5A /* XQRootTabBar.m in Sources */,
				28C68ED21A45A6AD006ADC5A /* PlasticViewController.m in Sources */,
				28C68EED1A467180006ADC5A /* PlasticInfo.m in Sources */,
				28C68EE91A466F37006ADC5A /* PlasticCell.m in Sources */,
				28C68ED81A45A90E006ADC5A /* StoryViewController.m in Sources */,
				28F861BE1A45490800F43E0B /* ViewController.m in Sources */,
				28C68EE41A45AB49006ADC5A /* LoginInfoViewController.m in Sources */,
				28F861BB1A45490800F43E0B /* AppDelegate.m in Sources */,
				28C68ECC1A45887A006ADC5A /* MainViewController.m in Sources */,
				28C68E811A456258006ADC5A /* XQRootViewController.m in Sources */,
				28C68EDE1A45AA2F006ADC5A /* CircleViewController.m in Sources */,
				28C68E7E1A456258006ADC5A /* XQBadgeItem.m in Sources */,
				28C68E7F1A456258006ADC5A /* XQRootIconView.m in Sources */,
				28F861B81A45490800F43E0B /* main.m in Sources */,
			);
			runOnlyForDeploymentPostprocessing = 0;
		};
		28F861C71A45490800F43E0B /* Sources */ = {
			isa = PBXSourcesBuildPhase;
			buildActionMask = 2147483647;
			files = (
				28F861D21A45490800F43E0B /* fackliftTests.m in Sources */,
			);
			runOnlyForDeploymentPostprocessing = 0;
		};
/* End PBXSourcesBuildPhase section */

/* Begin PBXTargetDependency section */
		28F861CD1A45490800F43E0B /* PBXTargetDependency */ = {
			isa = PBXTargetDependency;
			target = 28F861B11A45490800F43E0B /* facklift */;
			targetProxy = 28F861CC1A45490800F43E0B /* PBXContainerItemProxy */;
		};
/* End PBXTargetDependency section */

/* Begin PBXVariantGroup section */
		28F861C41A45490800F43E0B /* LaunchScreen.xib */ = {
			isa = PBXVariantGroup;
			children = (
				28F861C51A45490800F43E0B /* Base */,
			);
			name = LaunchScreen.xib;
			sourceTree = "<group>";
		};
/* End PBXVariantGroup section */

/* Begin XCBuildConfiguration section */
		28F861D31A45490800F43E0B /* Debug */ = {
			isa = XCBuildConfiguration;
			buildSettings = {
				ALWAYS_SEARCH_USER_PATHS = NO;
				CLANG_CXX_LANGUAGE_STANDARD = "gnu++0x";
				CLANG_CXX_LIBRARY = "libc++";
				CLANG_ENABLE_MODULES = YES;
				CLANG_ENABLE_OBJC_ARC = YES;
				CLANG_WARN_BOOL_CONVERSION = YES;
				CLANG_WARN_CONSTANT_CONVERSION = YES;
				CLANG_WARN_DIRECT_OBJC_ISA_USAGE = YES_ERROR;
				CLANG_WARN_EMPTY_BODY = YES;
				CLANG_WARN_ENUM_CONVERSION = YES;
				CLANG_WARN_INT_CONVERSION = YES;
				CLANG_WARN_OBJC_ROOT_CLASS = YES_ERROR;
				CLANG_WARN_UNREACHABLE_CODE = YES;
				CLANG_WARN__DUPLICATE_METHOD_MATCH = YES;
				"CODE_SIGN_IDENTITY[sdk=iphoneos*]" = "iPhone Developer";
				COPY_PHASE_STRIP = NO;
				ENABLE_STRICT_OBJC_MSGSEND = YES;
				GCC_C_LANGUAGE_STANDARD = gnu99;
				GCC_DYNAMIC_NO_PIC = NO;
				GCC_OPTIMIZATION_LEVEL = 0;
				GCC_PREPROCESSOR_DEFINITIONS = (
					"DEBUG=1",
					"$(inherited)",
				);
				GCC_SYMBOLS_PRIVATE_EXTERN = NO;
				GCC_WARN_64_TO_32_BIT_CONVERSION = YES;
				GCC_WARN_ABOUT_RETURN_TYPE = YES_ERROR;
				GCC_WARN_UNDECLARED_SELECTOR = YES;
				GCC_WARN_UNINITIALIZED_AUTOS = YES_AGGRESSIVE;
				GCC_WARN_UNUSED_FUNCTION = YES;
				GCC_WARN_UNUSED_VARIABLE = YES;
				IPHONEOS_DEPLOYMENT_TARGET = 8.1;
				MTL_ENABLE_DEBUG_INFO = YES;
				ONLY_ACTIVE_ARCH = YES;
				SDKROOT = iphoneos;
			};
			name = Debug;
		};
		28F861D41A45490800F43E0B /* Release */ = {
			isa = XCBuildConfiguration;
			buildSettings = {
				ALWAYS_SEARCH_USER_PATHS = NO;
				CLANG_CXX_LANGUAGE_STANDARD = "gnu++0x";
				CLANG_CXX_LIBRARY = "libc++";
				CLANG_ENABLE_MODULES = YES;
				CLANG_ENABLE_OBJC_ARC = YES;
				CLANG_WARN_BOOL_CONVERSION = YES;
				CLANG_WARN_CONSTANT_CONVERSION = YES;
				CLANG_WARN_DIRECT_OBJC_ISA_USAGE = YES_ERROR;
				CLANG_WARN_EMPTY_BODY = YES;
				CLANG_WARN_ENUM_CONVERSION = YES;
				CLANG_WARN_INT_CONVERSION = YES;
				CLANG_WARN_OBJC_ROOT_CLASS = YES_ERROR;
				CLANG_WARN_UNREACHABLE_CODE = YES;
				CLANG_WARN__DUPLICATE_METHOD_MATCH = YES;
				"CODE_SIGN_IDENTITY[sdk=iphoneos*]" = "iPhone Developer";
				COPY_PHASE_STRIP = YES;
				ENABLE_NS_ASSERTIONS = NO;
				ENABLE_STRICT_OBJC_MSGSEND = YES;
				GCC_C_LANGUAGE_STANDARD = gnu99;
				GCC_WARN_64_TO_32_BIT_CONVERSION = YES;
				GCC_WARN_ABOUT_RETURN_TYPE = YES_ERROR;
				GCC_WARN_UNDECLARED_SELECTOR = YES;
				GCC_WARN_UNINITIALIZED_AUTOS = YES_AGGRESSIVE;
				GCC_WARN_UNUSED_FUNCTION = YES;
				GCC_WARN_UNUSED_VARIABLE = YES;
				IPHONEOS_DEPLOYMENT_TARGET = 8.1;
				MTL_ENABLE_DEBUG_INFO = NO;
				SDKROOT = iphoneos;
				VALIDATE_PRODUCT = YES;
			};
			name = Release;
		};
		28F861D61A45490800F43E0B /* Debug */ = {
			isa = XCBuildConfiguration;
			buildSettings = {
				ASSETCATALOG_COMPILER_APPICON_NAME = AppIcon;
				GCC_PRECOMPILE_PREFIX_HEADER = YES;
				GCC_PREFIX_HEADER = facklift/PrefixHeader.pch;
				INFOPLIST_FILE = facklift/Info.plist;
				IPHONEOS_DEPLOYMENT_TARGET = 7.0;
				LD_RUNPATH_SEARCH_PATHS = "$(inherited) @executable_path/Frameworks";
				PRODUCT_NAME = "$(TARGET_NAME)";
			};
			name = Debug;
		};
		28F861D71A45490800F43E0B /* Release */ = {
			isa = XCBuildConfiguration;
			buildSettings = {
				ASSETCATALOG_COMPILER_APPICON_NAME = AppIcon;
				GCC_PRECOMPILE_PREFIX_HEADER = YES;
				GCC_PREFIX_HEADER = facklift/PrefixHeader.pch;
				INFOPLIST_FILE = facklift/Info.plist;
				IPHONEOS_DEPLOYMENT_TARGET = 7.0;
				LD_RUNPATH_SEARCH_PATHS = "$(inherited) @executable_path/Frameworks";
				PRODUCT_NAME = "$(TARGET_NAME)";
			};
			name = Release;
		};
		28F861D91A45490800F43E0B /* Debug */ = {
			isa = XCBuildConfiguration;
			buildSettings = {
				BUNDLE_LOADER = "$(TEST_HOST)";
				FRAMEWORK_SEARCH_PATHS = (
					"$(SDKROOT)/Developer/Library/Frameworks",
					"$(inherited)",
				);
				GCC_PREPROCESSOR_DEFINITIONS = (
					"DEBUG=1",
					"$(inherited)",
				);
				INFOPLIST_FILE = fackliftTests/Info.plist;
				LD_RUNPATH_SEARCH_PATHS = "$(inherited) @executable_path/Frameworks @loader_path/Frameworks";
				PRODUCT_NAME = "$(TARGET_NAME)";
				TEST_HOST = "$(BUILT_PRODUCTS_DIR)/facklift.app/facklift";
			};
			name = Debug;
		};
		28F861DA1A45490800F43E0B /* Release */ = {
			isa = XCBuildConfiguration;
			buildSettings = {
				BUNDLE_LOADER = "$(TEST_HOST)";
				FRAMEWORK_SEARCH_PATHS = (
					"$(SDKROOT)/Developer/Library/Frameworks",
					"$(inherited)",
				);
				INFOPLIST_FILE = fackliftTests/Info.plist;
				LD_RUNPATH_SEARCH_PATHS = "$(inherited) @executable_path/Frameworks @loader_path/Frameworks";
				PRODUCT_NAME = "$(TARGET_NAME)";
				TEST_HOST = "$(BUILT_PRODUCTS_DIR)/facklift.app/facklift";
			};
			name = Release;
		};
/* End XCBuildConfiguration section */

/* Begin XCConfigurationList section */
		28F861AD1A45490800F43E0B /* Build configuration list for PBXProject "facklift" */ = {
			isa = XCConfigurationList;
			buildConfigurations = (
				28F861D31A45490800F43E0B /* Debug */,
				28F861D41A45490800F43E0B /* Release */,
			);
			defaultConfigurationIsVisible = 0;
			defaultConfigurationName = Release;
		};
		28F861D51A45490800F43E0B /* Build configuration list for PBXNativeTarget "facklift" */ = {
			isa = XCConfigurationList;
			buildConfigurations = (
				28F861D61A45490800F43E0B /* Debug */,
				28F861D71A45490800F43E0B /* Release */,
			);
			defaultConfigurationIsVisible = 0;
			defaultConfigurationName = Release;
		};
		28F861D81A45490800F43E0B /* Build configuration list for PBXNativeTarget "fackliftTests" */ = {
			isa = XCConfigurationList;
			buildConfigurations = (
				28F861D91A45490800F43E0B /* Debug */,
				28F861DA1A45490800F43E0B /* Release */,
			);
			defaultConfigurationIsVisible = 0;
			defaultConfigurationName = Release;
		};
/* End XCConfigurationList section */
	};
	rootObject = 28F861AA1A45490800F43E0B /* Project object */;
}
